{
  "name": "erc20-tokens",
  "version": "0.0.1",
  "lockfileVersion": 1,
  "requires": true,
  "dependencies": {
    "identicon.js": {
      "version": "2.3.2",
      "resolved": "https://registry.npmjs.org/identicon.js/-/identicon.js-2.3.2.tgz",
      "integrity": "sha1-v+u2bIBH84YzP/pZX+KRI0WgcI0="
    }
  }
}
